
Microsoft Visual Studio Solution File, Format Version 12.00
# Visual Studio Version 17
VisualStudioVersion = 17.4.33205.214
MinimumVisualStudioVersion = 10.0.40219.1
Project("{FAE04EC0-301F-11D3-BF4B-00C04F79EFBC}") = "test", "test\test.csproj", "{59674FEF-8E2D-4863-A77A-15C88776FB3B}"
EndProject
Global
	GlobalSection(SolutionConfigurationPlatforms) = preSolution
		Debug|Any CPU = Debug|Any CPU
		Release|Any CPU = Release|Any CPU
	EndGlobalSection
	GlobalSection(ProjectConfigurationPlatforms) = postSolution
		{59674FEF-8E2D-4863-A77A-15C88776FB3B}.Debug|Any CPU.ActiveCfg = Debug|Any CPU
		{59674FEF-8E2D-4863-A77A-15C88776FB3B}.Debug|Any CPU.Build.0 = Debug|Any CPU
		{59674FEF-8E2D-4863-A77A-15C88776FB3B}.Release|Any CPU.ActiveCfg = Release|Any CPU
		{59674FEF-8E2D-4863-A77A-15C88776FB3B}.Release|Any CPU.Build.0 = Release|Any CPU
	EndGlobalSection
	GlobalSection(SolutionProperties) = preSolution
		HideSolutionNode = FALSE
	EndGlobalSection
	GlobalSection(ExtensibilityGlobals) = postSolution
		SolutionGuid = {E670833B-CBD7-4740-A4F7-CB964957D5E2}
	EndGlobalSection
EndGlobal
